// !$*UTF8*$!
{
	archiveVersion = 1;
	classes = {
	};
	objectVersion = 50;
	objects = {

/* Begin PBXBuildFile section */
		1979C1BF2CA3899630E09992 /* Pods_jambitAcademy2020.framework in Frameworks */ = {isa = PBXBuildFile; fileRef = 60C959E745898A512AA9DC9C /* Pods_jambitAcademy2020.framework */; };
		2EAF283023DF382D004409B9 /* AppDelegate.swift in Sources */ = {isa = PBXBuildFile; fileRef = 2EAF282F23DF382D004409B9 /* AppDelegate.swift */; };
		2EAF283223DF382D004409B9 /* SceneDelegate.swift in Sources */ = {isa = PBXBuildFile; fileRef = 2EAF283123DF382D004409B9 /* SceneDelegate.swift */; };
		2EAF283423DF382D004409B9 /* ContentView.swift in Sources */ = {isa = PBXBuildFile; fileRef = 2EAF283323DF382D004409B9 /* ContentView.swift */; };
		2EAF283623DF3830004409B9 /* Assets.xcassets in Resources */ = {isa = PBXBuildFile; fileRef = 2EAF283523DF3830004409B9 /* Assets.xcassets */; };
		2EAF283923DF3830004409B9 /* Preview Assets.xcassets in Resources */ = {isa = PBXBuildFile; fileRef = 2EAF283823DF3830004409B9 /* Preview Assets.xcassets */; };
		2EAF283C23DF3830004409B9 /* LaunchScreen.storyboard in Resources */ = {isa = PBXBuildFile; fileRef = 2EAF283A23DF3830004409B9 /* LaunchScreen.storyboard */; };
		2EAF284723DF3830004409B9 /* jambitAcademy2020Tests.swift in Sources */ = {isa = PBXBuildFile; fileRef = 2EAF284623DF3830004409B9 /* jambitAcademy2020Tests.swift */; };
		2EE0C76F23DF3B1E00F487C0 /* ExpertView.swift in Sources */ = {isa = PBXBuildFile; fileRef = 2EE0C76E23DF3B1E00F487C0 /* ExpertView.swift */; };
		2EE0C77223DF3E1600F487C0 /* Expert.swift in Sources */ = {isa = PBXBuildFile; fileRef = 2EE0C77123DF3E1600F487C0 /* Expert.swift */; };
		2EE0C77423DF3FC800F487C0 /* ExpertList.swift in Sources */ = {isa = PBXBuildFile; fileRef = 2EE0C77323DF3FC800F487C0 /* ExpertList.swift */; };
		2EE0C77723DF43B800F487C0 /* Experts.json in Resources */ = {isa = PBXBuildFile; fileRef = 2EE0C77623DF43B800F487C0 /* Experts.json */; };
		2EE0C77923DF440D00F487C0 /* ExpertStarView.swift in Sources */ = {isa = PBXBuildFile; fileRef = 2EE0C77823DF440D00F487C0 /* ExpertStarView.swift */; };
		2EE0C77B23DF487B00F487C0 /* CircleView.swift in Sources */ = {isa = PBXBuildFile; fileRef = 2EE0C77A23DF487B00F487C0 /* CircleView.swift */; };
		2EE0C77D23E01ED200F487C0 /* ExpertDetailView.swift in Sources */ = {isa = PBXBuildFile; fileRef = 2EE0C77C23E01ED200F487C0 /* ExpertDetailView.swift */; };
		2EE0C78123E1866E00F487C0 /* GoogleService-Info.plist in Resources */ = {isa = PBXBuildFile; fileRef = 2EE0C78023E1866E00F487C0 /* GoogleService-Info.plist */; };
		67AACFC803F33F80C4405790 /* Pods_jambitAcademy2020Tests.framework in Frameworks */ = {isa = PBXBuildFile; fileRef = 32E0302816DA6300231F3050 /* Pods_jambitAcademy2020Tests.framework */; };
/* End PBXBuildFile section */

/* Begin PBXContainerItemProxy section */
		2EAF284323DF3830004409B9 /* PBXContainerItemProxy */ = {
			isa = PBXContainerItemProxy;
			containerPortal = 2EAF282423DF382D004409B9 /* Project object */;
			proxyType = 1;
			remoteGlobalIDString = 2EAF282B23DF382D004409B9;
			remoteInfo = jambitAcademy2020;
		};
/* End PBXContainerItemProxy section */

/* Begin PBXFileReference section */
		2EAF282C23DF382D004409B9 /* jambitAcademy2020.app */ = {isa = PBXFileReference; explicitFileType = wrapper.application; includeInIndex = 0; path = jambitAcademy2020.app; sourceTree = BUILT_PRODUCTS_DIR; };
		2EAF282F23DF382D004409B9 /* AppDelegate.swift */ = {isa = PBXFileReference; lastKnownFileType = sourcecode.swift; path = AppDelegate.swift; sourceTree = "<group>"; };
		2EAF283123DF382D004409B9 /* SceneDelegate.swift */ = {isa = PBXFileReference; lastKnownFileType = sourcecode.swift; path = SceneDelegate.swift; sourceTree = "<group>"; };
		2EAF283323DF382D004409B9 /* ContentView.swift */ = {isa = PBXFileReference; lastKnownFileType = sourcecode.swift; path = ContentView.swift; sourceTree = "<group>"; };
		2EAF283523DF3830004409B9 /* Assets.xcassets */ = {isa = PBXFileReference; lastKnownFileType = folder.assetcatalog; path = Assets.xcassets; sourceTree = "<group>"; };
		2EAF283823DF3830004409B9 /* Preview Assets.xcassets */ = {isa = PBXFileReference; lastKnownFileType = folder.assetcatalog; path = "Preview Assets.xcassets"; sourceTree = "<group>"; };
		2EAF283B23DF3830004409B9 /* Base */ = {isa = PBXFileReference; lastKnownFileType = file.storyboard; name = Base; path = Base.lproj/LaunchScreen.storyboard; sourceTree = "<group>"; };
		2EAF283D23DF3830004409B9 /* Info.plist */ = {isa = PBXFileReference; lastKnownFileType = text.plist.xml; path = Info.plist; sourceTree = "<group>"; };
		2EAF284223DF3830004409B9 /* jambitAcademy2020Tests.xctest */ = {isa = PBXFileReference; explicitFileType = wrapper.cfbundle; includeInIndex = 0; path = jambitAcademy2020Tests.xctest; sourceTree = BUILT_PRODUCTS_DIR; };
		2EAF284623DF3830004409B9 /* jambitAcademy2020Tests.swift */ = {isa = PBXFileReference; lastKnownFileType = sourcecode.swift; path = jambitAcademy2020Tests.swift; sourceTree = "<group>"; };
		2EAF284823DF3830004409B9 /* Info.plist */ = {isa = PBXFileReference; lastKnownFileType = text.plist.xml; path = Info.plist; sourceTree = "<group>"; };
		2EE0C76E23DF3B1E00F487C0 /* ExpertView.swift */ = {isa = PBXFileReference; lastKnownFileType = sourcecode.swift; path = ExpertView.swift; sourceTree = "<group>"; };
		2EE0C77123DF3E1600F487C0 /* Expert.swift */ = {isa = PBXFileReference; lastKnownFileType = sourcecode.swift; path = Expert.swift; sourceTree = "<group>"; };
		2EE0C77323DF3FC800F487C0 /* ExpertList.swift */ = {isa = PBXFileReference; lastKnownFileType = sourcecode.swift; path = ExpertList.swift; sourceTree = "<group>"; };
		2EE0C77623DF43B800F487C0 /* Experts.json */ = {isa = PBXFileReference; lastKnownFileType = text.json; path = Experts.json; sourceTree = "<group>"; };
		2EE0C77823DF440D00F487C0 /* ExpertStarView.swift */ = {isa = PBXFileReference; lastKnownFileType = sourcecode.swift; path = ExpertStarView.swift; sourceTree = "<group>"; };
		2EE0C77A23DF487B00F487C0 /* CircleView.swift */ = {isa = PBXFileReference; lastKnownFileType = sourcecode.swift; path = CircleView.swift; sourceTree = "<group>"; };
		2EE0C77C23E01ED200F487C0 /* ExpertDetailView.swift */ = {isa = PBXFileReference; lastKnownFileType = sourcecode.swift; path = ExpertDetailView.swift; sourceTree = "<group>"; };
		2EE0C78023E1866E00F487C0 /* GoogleService-Info.plist */ = {isa = PBXFileReference; fileEncoding = 4; lastKnownFileType = text.plist.xml; path = "GoogleService-Info.plist"; sourceTree = "<group>"; };
		32E0302816DA6300231F3050 /* Pods_jambitAcademy2020Tests.framework */ = {isa = PBXFileReference; explicitFileType = wrapper.framework; includeInIndex = 0; path = Pods_jambitAcademy2020Tests.framework; sourceTree = BUILT_PRODUCTS_DIR; };
		334AD5D3D7FAE3884A25BC45 /* Pods-jambitAcademy2020Tests.debug.xcconfig */ = {isa = PBXFileReference; includeInIndex = 1; lastKnownFileType = text.xcconfig; name = "Pods-jambitAcademy2020Tests.debug.xcconfig"; path = "Target Support Files/Pods-jambitAcademy2020Tests/Pods-jambitAcademy2020Tests.debug.xcconfig"; sourceTree = "<group>"; };
		60C959E745898A512AA9DC9C /* Pods_jambitAcademy2020.framework */ = {isa = PBXFileReference; explicitFileType = wrapper.framework; includeInIndex = 0; path = Pods_jambitAcademy2020.framework; sourceTree = BUILT_PRODUCTS_DIR; };
		628C8C2EBCF8BE1D299E7198 /* Pods-jambitAcademy2020Tests.release.xcconfig */ = {isa = PBXFileReference; includeInIndex = 1; lastKnownFileType = text.xcconfig; name = "Pods-jambitAcademy2020Tests.release.xcconfig"; path = "Target Support Files/Pods-jambitAcademy2020Tests/Pods-jambitAcademy2020Tests.release.xcconfig"; sourceTree = "<group>"; };
		7137DE7B3B46B75106D44A67 /* Pods-jambitAcademy2020.debug.xcconfig */ = {isa = PBXFileReference; includeInIndex = 1; lastKnownFileType = text.xcconfig; name = "Pods-jambitAcademy2020.debug.xcconfig"; path = "Target Support Files/Pods-jambitAcademy2020/Pods-jambitAcademy2020.debug.xcconfig"; sourceTree = "<group>"; };
		F1AA62358E4733683C9C98FC /* Pods-jambitAcademy2020.release.xcconfig */ = {isa = PBXFileReference; includeInIndex = 1; lastKnownFileType = text.xcconfig; name = "Pods-jambitAcademy2020.release.xcconfig"; path = "Target Support Files/Pods-jambitAcademy2020/Pods-jambitAcademy2020.release.xcconfig"; sourceTree = "<group>"; };
/* End PBXFileReference section */

/* Begin PBXFrameworksBuildPhase section */
		2EAF282923DF382D004409B9 /* Frameworks */ = {
			isa = PBXFrameworksBuildPhase;
			buildActionMask = 2147483647;
			files = (
				1979C1BF2CA3899630E09992 /* Pods_jambitAcademy2020.framework in Frameworks */,
			);
			runOnlyForDeploymentPostprocessing = 0;
		};
		2EAF283F23DF3830004409B9 /* Frameworks */ = {
			isa = PBXFrameworksBuildPhase;
			buildActionMask = 2147483647;
			files = (
				67AACFC803F33F80C4405790 /* Pods_jambitAcademy2020Tests.framework in Frameworks */,
			);
			runOnlyForDeploymentPostprocessing = 0;
		};
/* End PBXFrameworksBuildPhase section */

/* Begin PBXGroup section */
		2EAF282323DF382D004409B9 = {
			isa = PBXGroup;
			children = (
				2EAF282E23DF382D004409B9 /* jambitAcademy2020 */,
				2EAF284523DF3830004409B9 /* jambitAcademy2020Tests */,
				2EAF282D23DF382D004409B9 /* Products */,
				3B7DDAE9A00147D7558EA389 /* Pods */,
				67AE75781F4E3FD9BB6AF32A /* Frameworks */,
			);
			sourceTree = "<group>";
		};
		2EAF282D23DF382D004409B9 /* Products */ = {
			isa = PBXGroup;
			children = (
				2EAF282C23DF382D004409B9 /* jambitAcademy2020.app */,
				2EAF284223DF3830004409B9 /* jambitAcademy2020Tests.xctest */,
			);
			name = Products;
			sourceTree = "<group>";
		};
		2EAF282E23DF382D004409B9 /* jambitAcademy2020 */ = {
			isa = PBXGroup;
			children = (
				2EE0C77523DF42FD00F487C0 /* Resources */,
				2EE0C77023DF3E0400F487C0 /* Model */,
				2EE0C76D23DF3AD200F487C0 /* Views */,
				2EAF282F23DF382D004409B9 /* AppDelegate.swift */,
				2EAF283123DF382D004409B9 /* SceneDelegate.swift */,
				2EAF283523DF3830004409B9 /* Assets.xcassets */,
				2EAF283A23DF3830004409B9 /* LaunchScreen.storyboard */,
				2EE0C78023E1866E00F487C0 /* GoogleService-Info.plist */,
				2EAF283D23DF3830004409B9 /* Info.plist */,
				2EAF283723DF3830004409B9 /* Preview Content */,
			);
			path = jambitAcademy2020;
			sourceTree = "<group>";
		};
		2EAF283723DF3830004409B9 /* Preview Content */ = {
			isa = PBXGroup;
			children = (
				2EAF283823DF3830004409B9 /* Preview Assets.xcassets */,
			);
			path = "Preview Content";
			sourceTree = "<group>";
		};
		2EAF284523DF3830004409B9 /* jambitAcademy2020Tests */ = {
			isa = PBXGroup;
			children = (
				2EAF284623DF3830004409B9 /* jambitAcademy2020Tests.swift */,
				2EAF284823DF3830004409B9 /* Info.plist */,
			);
			path = jambitAcademy2020Tests;
			sourceTree = "<group>";
		};
		2EE0C76D23DF3AD200F487C0 /* Views */ = {
			isa = PBXGroup;
			children = (
				2EAF283323DF382D004409B9 /* ContentView.swift */,
				2EE0C76E23DF3B1E00F487C0 /* ExpertView.swift */,
				2EE0C77323DF3FC800F487C0 /* ExpertList.swift */,
				2EE0C77823DF440D00F487C0 /* ExpertStarView.swift */,
				2EE0C77A23DF487B00F487C0 /* CircleView.swift */,
				2EE0C77C23E01ED200F487C0 /* ExpertDetailView.swift */,
			);
			path = Views;
			sourceTree = "<group>";
		};
		2EE0C77023DF3E0400F487C0 /* Model */ = {
			isa = PBXGroup;
			children = (
				2EE0C77123DF3E1600F487C0 /* Expert.swift */,
			);
			path = Model;
			sourceTree = "<group>";
		};
		2EE0C77523DF42FD00F487C0 /* Resources */ = {
			isa = PBXGroup;
			children = (
				2EE0C77623DF43B800F487C0 /* Experts.json */,
			);
			path = Resources;
			sourceTree = "<group>";
		};
		3B7DDAE9A00147D7558EA389 /* Pods */ = {
			isa = PBXGroup;
			children = (
				7137DE7B3B46B75106D44A67 /* Pods-jambitAcademy2020.debug.xcconfig */,
				F1AA62358E4733683C9C98FC /* Pods-jambitAcademy2020.release.xcconfig */,
				334AD5D3D7FAE3884A25BC45 /* Pods-jambitAcademy2020Tests.debug.xcconfig */,
				628C8C2EBCF8BE1D299E7198 /* Pods-jambitAcademy2020Tests.release.xcconfig */,
			);
			name = Pods;
			path = Pods;
			sourceTree = "<group>";
		};
		67AE75781F4E3FD9BB6AF32A /* Frameworks */ = {
			isa = PBXGroup;
			children = (
				60C959E745898A512AA9DC9C /* Pods_jambitAcademy2020.framework */,
				32E0302816DA6300231F3050 /* Pods_jambitAcademy2020Tests.framework */,
			);
			name = Frameworks;
			sourceTree = "<group>";
		};
/* End PBXGroup section */

/* Begin PBXNativeTarget section */
		2EAF282B23DF382D004409B9 /* jambitAcademy2020 */ = {
			isa = PBXNativeTarget;
			buildConfigurationList = 2EAF284B23DF3830004409B9 /* Build configuration list for PBXNativeTarget "jambitAcademy2020" */;
			buildPhases = (
				AC5DAF27949112855B3501B4 /* [CP] Check Pods Manifest.lock */,
				2EAF282823DF382D004409B9 /* Sources */,
				2EAF282923DF382D004409B9 /* Frameworks */,
				2EAF282A23DF382D004409B9 /* Resources */,
				7514C8ED86765B1B7DAB4B77 /* [CP] Embed Pods Frameworks */,
			);
			buildRules = (
			);
			dependencies = (
			);
			name = jambitAcademy2020;
			productName = jambitAcademy2020;
			productReference = 2EAF282C23DF382D004409B9 /* jambitAcademy2020.app */;
			productType = "com.apple.product-type.application";
		};
		2EAF284123DF3830004409B9 /* jambitAcademy2020Tests */ = {
			isa = PBXNativeTarget;
			buildConfigurationList = 2EAF284E23DF3830004409B9 /* Build configuration list for PBXNativeTarget "jambitAcademy2020Tests" */;
			buildPhases = (
				688C2484BC427DBB32A20BD2 /* [CP] Check Pods Manifest.lock */,
				2EAF283E23DF3830004409B9 /* Sources */,
				2EAF283F23DF3830004409B9 /* Frameworks */,
				2EAF284023DF3830004409B9 /* Resources */,
			);
			buildRules = (
			);
			dependencies = (
				2EAF284423DF3830004409B9 /* PBXTargetDependency */,
			);
			name = jambitAcademy2020Tests;
			productName = jambitAcademy2020Tests;
			productReference = 2EAF284223DF3830004409B9 /* jambitAcademy2020Tests.xctest */;
			productType = "com.apple.product-type.bundle.unit-test";
		};
/* End PBXNativeTarget section */

/* Begin PBXProject section */
		2EAF282423DF382D004409B9 /* Project object */ = {
			isa = PBXProject;
			attributes = {
				LastSwiftUpdateCheck = 1130;
				LastUpgradeCheck = 1130;
				ORGANIZATIONNAME = davidsymhoven;
				TargetAttributes = {
					2EAF282B23DF382D004409B9 = {
						CreatedOnToolsVersion = 11.3.1;
					};
					2EAF284123DF3830004409B9 = {
						CreatedOnToolsVersion = 11.3.1;
						TestTargetID = 2EAF282B23DF382D004409B9;
					};
				};
			};
			buildConfigurationList = 2EAF282723DF382D004409B9 /* Build configuration list for PBXProject "jambitAcademy2020" */;
			compatibilityVersion = "Xcode 9.3";
			developmentRegion = en;
			hasScannedForEncodings = 0;
			knownRegions = (
				en,
				Base,
			);
			mainGroup = 2EAF282323DF382D004409B9;
			productRefGroup = 2EAF282D23DF382D004409B9 /* Products */;
			projectDirPath = "";
			projectRoot = "";
			targets = (
				2EAF282B23DF382D004409B9 /* jambitAcademy2020 */,
				2EAF284123DF3830004409B9 /* jambitAcademy2020Tests */,
			);
		};
/* End PBXProject section */

/* Begin PBXResourcesBuildPhase section */
		2EAF282A23DF382D004409B9 /* Resources */ = {
			isa = PBXResourcesBuildPhase;
			buildActionMask = 2147483647;
			files = (
				2EAF283C23DF3830004409B9 /* LaunchScreen.storyboard in Resources */,
				2EAF283923DF3830004409B9 /* Preview Assets.xcassets in Resources */,
				2EE0C78123E1866E00F487C0 /* GoogleService-Info.plist in Resources */,
				2EAF283623DF3830004409B9 /* Assets.xcassets in Resources */,
				2EE0C77723DF43B800F487C0 /* Experts.json in Resources */,
			);
			runOnlyForDeploymentPostprocessing = 0;
		};
		2EAF284023DF3830004409B9 /* Resources */ = {
			isa = PBXResourcesBuildPhase;
			buildActionMask = 2147483647;
			files = (
			);
			runOnlyForDeploymentPostprocessing = 0;
		};
/* End PBXResourcesBuildPhase section */

/* Begin PBXShellScriptBuildPhase section */
		688C2484BC427DBB32A20BD2 /* [CP] Check Pods Manifest.lock */ = {
			isa = PBXShellScriptBuildPhase;
			buildActionMask = 2147483647;
			files = (
			);
			inputFileListPaths = (
			);
			inputPaths = (
				"${PODS_PODFILE_DIR_PATH}/Podfile.lock",
				"${PODS_ROOT}/Manifest.lock",
			);
			name = "[CP] Check Pods Manifest.lock";
			outputFileListPaths = (
			);
			outputPaths = (
				"$(DERIVED_FILE_DIR)/Pods-jambitAcademy2020Tests-checkManifestLockResult.txt",
			);
			runOnlyForDeploymentPostprocessing = 0;
			shellPath = /bin/sh;
			shellScript = "diff \"${PODS_PODFILE_DIR_PATH}/Podfile.lock\" \"${PODS_ROOT}/Manifest.lock\" > /dev/null\nif [ $? != 0 ] ; then\n    # print error to STDERR\n    echo \"error: The sandbox is not in sync with the Podfile.lock. Run 'pod install' or update your CocoaPods installation.\" >&2\n    exit 1\nfi\n# This output is used by Xcode 'outputs' to avoid re-running this script phase.\necho \"SUCCESS\" > \"${SCRIPT_OUTPUT_FILE_0}\"\n";
			showEnvVarsInLog = 0;
		};
		7514C8ED86765B1B7DAB4B77 /* [CP] Embed Pods Frameworks */ = {
			isa = PBXShellScriptBuildPhase;
			buildActionMask = 2147483647;
			files = (
			);
			inputFileListPaths = (
				"${PODS_ROOT}/Target Support Files/Pods-jambitAcademy2020/Pods-jambitAcademy2020-frameworks-${CONFIGURATION}-input-files.xcfilelist",
			);
			name = "[CP] Embed Pods Frameworks";
			outputFileListPaths = (
				"${PODS_ROOT}/Target Support Files/Pods-jambitAcademy2020/Pods-jambitAcademy2020-frameworks-${CONFIGURATION}-output-files.xcfilelist",
			);
			runOnlyForDeploymentPostprocessing = 0;
			shellPath = /bin/sh;
			shellScript = "\"${PODS_ROOT}/Target Support Files/Pods-jambitAcademy2020/Pods-jambitAcademy2020-frameworks.sh\"\n";
			showEnvVarsInLog = 0;
		};
		AC5DAF27949112855B3501B4 /* [CP] Check Pods Manifest.lock */ = {
			isa = PBXShellScriptBuildPhase;
			buildActionMask = 2147483647;
			files = (
			);
			inputFileListPaths = (
			);
			inputPaths = (
				"${PODS_PODFILE_DIR_PATH}/Podfile.lock",
				"${PODS_ROOT}/Manifest.lock",
			);
			name = "[CP] Check Pods Manifest.lock";
			outputFileListPaths = (
			);
			outputPaths = (
				"$(DERIVED_FILE_DIR)/Pods-jambitAcademy2020-checkManifestLockResult.txt",
			);
			runOnlyForDeploymentPostprocessing = 0;
			shellPath = /bin/sh;
			shellScript = "diff \"${PODS_PODFILE_DIR_PATH}/Podfile.lock\" \"${PODS_ROOT}/Manifest.lock\" > /dev/null\nif [ $? != 0 ] ; then\n    # print error to STDERR\n    echo \"error: The sandbox is not in sync with the Podfile.lock. Run 'pod install' or update your CocoaPods installation.\" >&2\n    exit 1\nfi\n# This output is used by Xcode 'outputs' to avoid re-running this script phase.\necho \"SUCCESS\" > \"${SCRIPT_OUTPUT_FILE_0}\"\n";
			showEnvVarsInLog = 0;
		};
/* End PBXShellScriptBuildPhase section */

/* Begin PBXSourcesBuildPhase section */
		2EAF282823DF382D004409B9 /* Sources */ = {
			isa = PBXSourcesBuildPhase;
			buildActionMask = 2147483647;
			files = (
				2EE0C77B23DF487B00F487C0 /* CircleView.swift in Sources */,
				2EE0C77223DF3E1600F487C0 /* Expert.swift in Sources */,
				2EAF283023DF382D004409B9 /* AppDelegate.swift in Sources */,
				2EAF283223DF382D004409B9 /* SceneDelegate.swift in Sources */,
				2EE0C77423DF3FC800F487C0 /* ExpertList.swift in Sources */,
				2EE0C77D23E01ED200F487C0 /* ExpertDetailView.swift in Sources */,
				2EE0C76F23DF3B1E00F487C0 /* ExpertView.swift in Sources */,
				2EE0C77923DF440D00F487C0 /* ExpertStarView.swift in Sources */,
				2EAF283423DF382D004409B9 /* ContentView.swift in Sources */,
			);
			runOnlyForDeploymentPostprocessing = 0;
		};
		2EAF283E23DF3830004409B9 /* Sources */ = {
			isa = PBXSourcesBuildPhase;
			buildActionMask = 2147483647;
			files = (
				2EAF284723DF3830004409B9 /* jambitAcademy2020Tests.swift in Sources */,
			);
			runOnlyForDeploymentPostprocessing = 0;
		};
/* End PBXSourcesBuildPhase section */

/* Begin PBXTargetDependency section */
		2EAF284423DF3830004409B9 /* PBXTargetDependency */ = {
			isa = PBXTargetDependency;
			target = 2EAF282B23DF382D004409B9 /* jambitAcademy2020 */;
			targetProxy = 2EAF284323DF3830004409B9 /* PBXContainerItemProxy */;
		};
/* End PBXTargetDependency section */

/* Begin PBXVariantGroup section */
		2EAF283A23DF3830004409B9 /* LaunchScreen.storyboard */ = {
			isa = PBXVariantGroup;
			children = (
				2EAF283B23DF3830004409B9 /* Base */,
			);
			name = LaunchScreen.storyboard;
			sourceTree = "<group>";
		};
/* End PBXVariantGroup section */

/* Begin XCBuildConfiguration section */
		2EAF284923DF3830004409B9 /* Debug */ = {
			isa = XCBuildConfiguration;
			buildSettings = {
				ALWAYS_SEARCH_USER_PATHS = NO;
				CLANG_ANALYZER_NONNULL = YES;
				CLANG_ANALYZER_NUMBER_OBJECT_CONVERSION = YES_AGGRESSIVE;
				CLANG_CXX_LANGUAGE_STANDARD = "gnu++14";
				CLANG_CXX_LIBRARY = "libc++";
				CLANG_ENABLE_MODULES = YES;
				CLANG_ENABLE_OBJC_ARC = YES;
				CLANG_ENABLE_OBJC_WEAK = YES;
				CLANG_WARN_BLOCK_CAPTURE_AUTORELEASING = YES;
				CLANG_WARN_BOOL_CONVERSION = YES;
				CLANG_WARN_COMMA = YES;
				CLANG_WARN_CONSTANT_CONVERSION = YES;
				CLANG_WARN_DEPRECATED_OBJC_IMPLEMENTATIONS = YES;
				CLANG_WARN_DIRECT_OBJC_ISA_USAGE = YES_ERROR;
				CLANG_WARN_DOCUMENTATION_COMMENTS = YES;
				CLANG_WARN_EMPTY_BODY = YES;
				CLANG_WARN_ENUM_CONVERSION = YES;
				CLANG_WARN_INFINITE_RECURSION = YES;
				CLANG_WARN_INT_CONVERSION = YES;
				CLANG_WARN_NON_LITERAL_NULL_CONVERSION = YES;
				CLANG_WARN_OBJC_IMPLICIT_RETAIN_SELF = YES;
				CLANG_WARN_OBJC_LITERAL_CONVERSION = YES;
				CLANG_WARN_OBJC_ROOT_CLASS = YES_ERROR;
				CLANG_WARN_RANGE_LOOP_ANALYSIS = YES;
				CLANG_WARN_STRICT_PROTOTYPES = YES;
				CLANG_WARN_SUSPICIOUS_MOVE = YES;
				CLANG_WARN_UNGUARDED_AVAILABILITY = YES_AGGRESSIVE;
				CLANG_WARN_UNREACHABLE_CODE = YES;
				CLANG_WARN__DUPLICATE_METHOD_MATCH = YES;
				COPY_PHASE_STRIP = NO;
				DEBUG_INFORMATION_FORMAT = dwarf;
				ENABLE_STRICT_OBJC_MSGSEND = YES;
				ENABLE_TESTABILITY = YES;
				GCC_C_LANGUAGE_STANDARD = gnu11;
				GCC_DYNAMIC_NO_PIC = NO;
				GCC_NO_COMMON_BLOCKS = YES;
				GCC_OPTIMIZATION_LEVEL = 0;
				GCC_PREPROCESSOR_DEFINITIONS = (
					"DEBUG=1",
					"$(inherited)",
				);
				GCC_WARN_64_TO_32_BIT_CONVERSION = YES;
				GCC_WARN_ABOUT_RETURN_TYPE = YES_ERROR;
				GCC_WARN_UNDECLARED_SELECTOR = YES;
				GCC_WARN_UNINITIALIZED_AUTOS = YES_AGGRESSIVE;
				GCC_WARN_UNUSED_FUNCTION = YES;
				GCC_WARN_UNUSED_VARIABLE = YES;
				IPHONEOS_DEPLOYMENT_TARGET = 13.2;
				MTL_ENABLE_DEBUG_INFO = INCLUDE_SOURCE;
				MTL_FAST_MATH = YES;
				ONLY_ACTIVE_ARCH = YES;
				SDKROOT = iphoneos;
				SWIFT_ACTIVE_COMPILATION_CONDITIONS = DEBUG;
				SWIFT_OPTIMIZATION_LEVEL = "-Onone";
			};
			name = Debug;
		};
		2EAF284A23DF3830004409B9 /* Release */ = {
			isa = XCBuildConfiguration;
			buildSettings = {
				ALWAYS_SEARCH_USER_PATHS = NO;
				CLANG_ANALYZER_NONNULL = YES;
				CLANG_ANALYZER_NUMBER_OBJECT_CONVERSION = YES_AGGRESSIVE;
				CLANG_CXX_LANGUAGE_STANDARD = "gnu++14";
				CLANG_CXX_LIBRARY = "libc++";
				CLANG_ENABLE_MODULES = YES;
				CLANG_ENABLE_OBJC_ARC = YES;
				CLANG_ENABLE_OBJC_WEAK = YES;
				CLANG_WARN_BLOCK_CAPTURE_AUTORELEASING = YES;
				CLANG_WARN_BOOL_CONVERSION = YES;
				CLANG_WARN_COMMA = YES;
				CLANG_WARN_CONSTANT_CONVERSION = YES;
				CLANG_WARN_DEPRECATED_OBJC_IMPLEMENTATIONS = YES;
				CLANG_WARN_DIRECT_OBJC_ISA_USAGE = YES_ERROR;
				CLANG_WARN_DOCUMENTATION_COMMENTS = YES;
				CLANG_WARN_EMPTY_BODY = YES;
				CLANG_WARN_ENUM_CONVERSION = YES;
				CLANG_WARN_INFINITE_RECURSION = YES;
				CLANG_WARN_INT_CONVERSION = YES;
				CLANG_WARN_NON_LITERAL_NULL_CONVERSION = YES;
				CLANG_WARN_OBJC_IMPLICIT_RETAIN_SELF = YES;
				CLANG_WARN_OBJC_LITERAL_CONVERSION = YES;
				CLANG_WARN_OBJC_ROOT_CLASS = YES_ERROR;
				CLANG_WARN_RANGE_LOOP_ANALYSIS = YES;
				CLANG_WARN_STRICT_PROTOTYPES = YES;
				CLANG_WARN_SUSPICIOUS_MOVE = YES;
				CLANG_WARN_UNGUARDED_AVAILABILITY = YES_AGGRESSIVE;
				CLANG_WARN_UNREACHABLE_CODE = YES;
				CLANG_WARN__DUPLICATE_METHOD_MATCH = YES;
				COPY_PHASE_STRIP = NO;
				DEBUG_INFORMATION_FORMAT = "dwarf-with-dsym";
				ENABLE_NS_ASSERTIONS = NO;
				ENABLE_STRICT_OBJC_MSGSEND = YES;
				GCC_C_LANGUAGE_STANDARD = gnu11;
				GCC_NO_COMMON_BLOCKS = YES;
				GCC_WARN_64_TO_32_BIT_CONVERSION = YES;
				GCC_WARN_ABOUT_RETURN_TYPE = YES_ERROR;
				GCC_WARN_UNDECLARED_SELECTOR = YES;
				GCC_WARN_UNINITIALIZED_AUTOS = YES_AGGRESSIVE;
				GCC_WARN_UNUSED_FUNCTION = YES;
				GCC_WARN_UNUSED_VARIABLE = YES;
				IPHONEOS_DEPLOYMENT_TARGET = 13.2;
				MTL_ENABLE_DEBUG_INFO = NO;
				MTL_FAST_MATH = YES;
				SDKROOT = iphoneos;
				SWIFT_COMPILATION_MODE = wholemodule;
				SWIFT_OPTIMIZATION_LEVEL = "-O";
				VALIDATE_PRODUCT = YES;
			};
			name = Release;
		};
		2EAF284C23DF3830004409B9 /* Debug */ = {
			isa = XCBuildConfiguration;
			baseConfigurationReference = 7137DE7B3B46B75106D44A67 /* Pods-jambitAcademy2020.debug.xcconfig */;
			buildSettings = {
				ASSETCATALOG_COMPILER_APPICON_NAME = AppIcon;
				CODE_SIGN_STYLE = Automatic;
				DEVELOPMENT_ASSET_PATHS = "\"jambitAcademy2020/Preview Content\"";
				ENABLE_PREVIEWS = YES;
				INFOPLIST_FILE = jambitAcademy2020/Info.plist;
				LD_RUNPATH_SEARCH_PATHS = (
					"$(inherited)",
					"@executable_path/Frameworks",
				);
				PRODUCT_BUNDLE_IDENTIFIER = de.davidsymhoven.jambitAcademy2020;
				PRODUCT_NAME = "$(TARGET_NAME)";
				SWIFT_VERSION = 5.0;
				TARGETED_DEVICE_FAMILY = "1,2";
			};
			name = Debug;
		};
		2EAF284D23DF3830004409B9 /* Release */ = {
			isa = XCBuildConfiguration;
			baseConfigurationReference = F1AA62358E4733683C9C98FC /* Pods-jambitAcademy2020.release.xcconfig */;
			buildSettings = {
				ASSETCATALOG_COMPILER_APPICON_NAME = AppIcon;
				CODE_SIGN_STYLE = Automatic;
				DEVELOPMENT_ASSET_PATHS = "\"jambitAcademy2020/Preview Content\"";
				ENABLE_PREVIEWS = YES;
				INFOPLIST_FILE = jambitAcademy2020/Info.plist;
				LD_RUNPATH_SEARCH_PATHS = (
					"$(inherited)",
					"@executable_path/Frameworks",
				);
				PRODUCT_BUNDLE_IDENTIFIER = de.davidsymhoven.jambitAcademy2020;
				PRODUCT_NAME = "$(TARGET_NAME)";
				SWIFT_VERSION = 5.0;
				TARGETED_DEVICE_FAMILY = "1,2";
			};
			name = Release;
		};
		2EAF284F23DF3830004409B9 /* Debug */ = {
			isa = XCBuildConfiguration;
			baseConfigurationReference = 334AD5D3D7FAE3884A25BC45 /* Pods-jambitAcademy2020Tests.debug.xcconfig */;
			buildSettings = {
				ALWAYS_EMBED_SWIFT_STANDARD_LIBRARIES = YES;
				BUNDLE_LOADER = "$(TEST_HOST)";
				CODE_SIGN_STYLE = Automatic;
				INFOPLIST_FILE = jambitAcademy2020Tests/Info.plist;
				IPHONEOS_DEPLOYMENT_TARGET = 13.2;
				LD_RUNPATH_SEARCH_PATHS = (
					"$(inherited)",
					"@executable_path/Frameworks",
					"@loader_path/Frameworks",
				);
				PRODUCT_BUNDLE_IDENTIFIER = de.davidsymhoven.jambitAcademy2020Tests;
				PRODUCT_NAME = "$(TARGET_NAME)";
				SWIFT_VERSION = 5.0;
				TARGETED_DEVICE_FAMILY = "1,2";
				TEST_HOST = "$(BUILT_PRODUCTS_DIR)/jambitAcademy2020.app/jambitAcademy2020";
			};
			name = Debug;
		};
		2EAF285023DF3830004409B9 /* Release */ = {
			isa = XCBuildConfiguration;
			baseConfigurationReference = 628C8C2EBCF8BE1D299E7198 /* Pods-jambitAcademy2020Tests.release.xcconfig */;
			buildSettings = {
				ALWAYS_EMBED_SWIFT_STANDARD_LIBRARIES = YES;
				BUNDLE_LOADER = "$(TEST_HOST)";
				CODE_SIGN_STYLE = Automatic;
				INFOPLIST_FILE = jambitAcademy2020Tests/Info.plist;
				IPHONEOS_DEPLOYMENT_TARGET = 13.2;
				LD_RUNPATH_SEARCH_PATHS = (
					"$(inherited)",
					"@executable_path/Frameworks",
					"@loader_path/Frameworks",
				);
				PRODUCT_BUNDLE_IDENTIFIER = de.davidsymhoven.jambitAcademy2020Tests;
				PRODUCT_NAME = "$(TARGET_NAME)";
				SWIFT_VERSION = 5.0;
				TARGETED_DEVICE_FAMILY = "1,2";
				TEST_HOST = "$(BUILT_PRODUCTS_DIR)/jambitAcademy2020.app/jambitAcademy2020";
			};
			name = Release;
		};
/* End XCBuildConfiguration section */

/* Begin XCConfigurationList section */
		2EAF282723DF382D004409B9 /* Build configuration list for PBXProject "jambitAcademy2020" */ = {
			isa = XCConfigurationList;
			buildConfigurations = (
				2EAF284923DF3830004409B9 /* Debug */,
				2EAF284A23DF3830004409B9 /* Release */,
			);
			defaultConfigurationIsVisible = 0;
			defaultConfigurationName = Release;
		};
		2EAF284B23DF3830004409B9 /* Build configuration list for PBXNativeTarget "jambitAcademy2020" */ = {
			isa = XCConfigurationList;
			buildConfigurations = (
				2EAF284C23DF3830004409B9 /* Debug */,
				2EAF284D23DF3830004409B9 /* Release */,
			);
			defaultConfigurationIsVisible = 0;
			defaultConfigurationName = Release;
		};
		2EAF284E23DF3830004409B9 /* Build configuration list for PBXNativeTarget "jambitAcademy2020Tests" */ = {
			isa = XCConfigurationList;
			buildConfigurations = (
				2EAF284F23DF3830004409B9 /* Debug */,
				2EAF285023DF3830004409B9 /* Release */,
			);
			defaultConfigurationIsVisible = 0;
			defaultConfigurationName = Release;
		};
/* End XCConfigurationList section */
	};
	rootObject = 2EAF282423DF382D004409B9 /* Project object */;
}
